<?xml version="1.0" encoding="UTF-8"?>
<CONFIG>
  <ProjectOptions>
    <Version Value="12"/>
    <General>
      <SessionStorage Value="InProjectDir"/>
      <Title Value="unit_tests"/>
      <ResourceType Value="res"/>
      <UseXPManifest Value="True"/>
      <Icon Value="0"/>
    </General>
    <BuildModes>
      <Item Name="Default" Default="True"/>
    </BuildModes>
    <PublishOptions>
      <Version Value="2"/>
      <UseFileFilters Value="True"/>
    </PublishOptions>
    <RunParams>
      <FormatVersion Value="2"/>
    </RunParams>
    <RequiredPackages>
      <Item>
        <PackageName Value="ZeroBounce"/>
      </Item>
      <Item>
        <PackageName Value="fpcunittestrunner"/>
      </Item>
      <Item>
        <PackageName Value="LCL"/>
      </Item>
      <Item>
        <PackageName Value="FCL"/>
      </Item>
    </RequiredPackages>
    <Units>
      <Unit>
        <Filename Value="unit_tests.lpr"/>
        <IsPartOfProject Value="True"/>
      </Unit>
      <Unit>
        <Filename Value="testgeneric.pas"/>
        <IsPartOfProject Value="True"/>
        <UnitName Value="TestGeneric"/>
      </Unit>
      <Unit>
        <Filename Value="../src/zbvalidation.pas"/>
        <IsPartOfProject Value="True"/>
        <UnitName Value="ZbValidation"/>
      </Unit>
      <Unit>
        <Filename Value="../src/zbstructures.pas"/>
        <IsPartOfProject Value="True"/>
        <UnitName Value="ZbStructures"/>
      </Unit>
      <Unit>
        <Filename Value="testvalidation.pas"/>
        <IsPartOfProject Value="True"/>
        <UnitName Value="TestValidation"/>
      </Unit>
      <Unit>
        <Filename Value="testdeserialization.pas"/>
        <IsPartOfProject Value="True"/>
        <UnitName Value="TestDeserialization"/>
      </Unit>
      <Unit>
        <Filename Value="mockvalues.pas"/>
        <IsPartOfProject Value="True"/>
        <UnitName Value="MockValues"/>
      </Unit>
    </Units>
  </ProjectOptions>
  <CompilerOptions>
    <Version Value="11"/>
    <Target>
      <Filename Value="unit_tests"/>
    </Target>
    <SearchPaths>
      <IncludeFiles Value="$(ProjOutDir)"/>
      <UnitOutputDirectory Value="lib/$(TargetCPU)-$(TargetOS)"/>
    </SearchPaths>
    <Linking>
      <Debugging>
        <DebugInfoType Value="dsDwarf2Set"/>
      </Debugging>
      <Options>
        <Win32>
          <GraphicApplication Value="True"/>
        </Win32>
      </Options>
    </Linking>
  </CompilerOptions>
  <Debugging>
    <Exceptions>
      <Item>
        <Name Value="EAbort"/>
      </Item>
      <Item>
        <Name Value="ECodetoolError"/>
      </Item>
      <Item>
        <Name Value="EFOpenError"/>
      </Item>
      <Item>
        <Name Value="ZbException"/>
      </Item>
    </Exceptions>
  </Debugging>
</CONFIG>
